
Microsoft Visual Studio Solution File, Format Version 12.00
# Visual Studio Version 17
VisualStudioVersion = 17.8.34330.188
MinimumVisualStudioVersion = 10.0.40219.1
Project("{FAE04EC0-301F-11D3-BF4B-00C04F79EFBC}") = "Api_Gateway_ocelot", "Api_Gateway_ocelot\Api_Gateway_ocelot.csproj", "{6C11FF4E-5AC1-425B-A087-DCBFB9507056}"
EndProject
Global
	GlobalSection(SolutionConfigurationPlatforms) = preSolution
		Debug|Any CPU = Debug|Any CPU
		Release|Any CPU = Release|Any CPU
	EndGlobalSection
	GlobalSection(ProjectConfigurationPlatforms) = postSolution
		{6C11FF4E-5AC1-425B-A087-DCBFB9507056}.Debug|Any CPU.ActiveCfg = Debug|Any CPU
		{6C11FF4E-5AC1-425B-A087-DCBFB9507056}.Debug|Any CPU.Build.0 = Debug|Any CPU
		{6C11FF4E-5AC1-425B-A087-DCBFB9507056}.Release|Any CPU.ActiveCfg = Release|Any CPU
		{6C11FF4E-5AC1-425B-A087-DCBFB9507056}.Release|Any CPU.Build.0 = Release|Any CPU
	EndGlobalSection
	GlobalSection(SolutionProperties) = preSolution
		HideSolutionNode = FALSE
	EndGlobalSection
	GlobalSection(ExtensibilityGlobals) = postSolution
		SolutionGuid = {7AE58951-0773-4E91-8DB5-2BDC499346E5}
	EndGlobalSection
EndGlobal
