
Microsoft Visual Studio Solution File, Format Version 12.00
# Visual Studio Version 17
VisualStudioVersion = 17.8.34511.84
MinimumVisualStudioVersion = 10.0.40219.1
Project("{9A19103F-16F7-4668-BE54-9A1E7A4F7556}") = "authenticationAPIEndPoint", "authenticationAPIEndPoint\authenticationAPIEndPoint.csproj", "{BD9EED24-71B7-4250-A0E4-8934AB148654}"
EndProject
Project("{9A19103F-16F7-4668-BE54-9A1E7A4F7556}") = "AuthenticationBusinessLogicLayer", "AuthenticationBusinessLogicLayer\AuthenticationBusinessLogicLayer.csproj", "{EBF936F0-8A61-4F90-84D5-2C43C22AD465}"
EndProject
Project("{9A19103F-16F7-4668-BE54-9A1E7A4F7556}") = "AuthenticationDataAccessLayer", "AuthenticationDataAccessLayer\AuthenticationDataAccessLayer.csproj", "{0C54694C-B03F-4CF6-A343-2EF3464800B3}"
EndProject
Global
	GlobalSection(SolutionConfigurationPlatforms) = preSolution
		Debug|Any CPU = Debug|Any CPU
		Release|Any CPU = Release|Any CPU
	EndGlobalSection
	GlobalSection(ProjectConfigurationPlatforms) = postSolution
		{BD9EED24-71B7-4250-A0E4-8934AB148654}.Debug|Any CPU.ActiveCfg = Debug|Any CPU
		{BD9EED24-71B7-4250-A0E4-8934AB148654}.Debug|Any CPU.Build.0 = Debug|Any CPU
		{BD9EED24-71B7-4250-A0E4-8934AB148654}.Release|Any CPU.ActiveCfg = Release|Any CPU
		{BD9EED24-71B7-4250-A0E4-8934AB148654}.Release|Any CPU.Build.0 = Release|Any CPU
		{EBF936F0-8A61-4F90-84D5-2C43C22AD465}.Debug|Any CPU.ActiveCfg = Debug|Any CPU
		{EBF936F0-8A61-4F90-84D5-2C43C22AD465}.Debug|Any CPU.Build.0 = Debug|Any CPU
		{EBF936F0-8A61-4F90-84D5-2C43C22AD465}.Release|Any CPU.ActiveCfg = Release|Any CPU
		{EBF936F0-8A61-4F90-84D5-2C43C22AD465}.Release|Any CPU.Build.0 = Release|Any CPU
		{0C54694C-B03F-4CF6-A343-2EF3464800B3}.Debug|Any CPU.ActiveCfg = Debug|Any CPU
		{0C54694C-B03F-4CF6-A343-2EF3464800B3}.Debug|Any CPU.Build.0 = Debug|Any CPU
		{0C54694C-B03F-4CF6-A343-2EF3464800B3}.Release|Any CPU.ActiveCfg = Release|Any CPU
		{0C54694C-B03F-4CF6-A343-2EF3464800B3}.Release|Any CPU.Build.0 = Release|Any CPU
	EndGlobalSection
	GlobalSection(SolutionProperties) = preSolution
		HideSolutionNode = FALSE
	EndGlobalSection
	GlobalSection(ExtensibilityGlobals) = postSolution
		SolutionGuid = {58AC52BE-91E8-4390-9384-2F49E6BF371D}
	EndGlobalSection
EndGlobal
